
Microsoft Visual Studio Solution File, Format Version 12.00
# Visual Studio Version 17
VisualStudioVersion = 17.4.33110.190
MinimumVisualStudioVersion = 10.0.40219.1
Project("{FAE04EC0-301F-11D3-BF4B-00C04F79EFBC}") = "BranchesGroup", "BranchesGroup\BranchesGroup.csproj", "{03F53D51-983E-45A7-BA33-2D89EE532A75}"
EndProject
Global
	GlobalSection(SolutionConfigurationPlatforms) = preSolution
		Debug|Any CPU = Debug|Any CPU
		Release|Any CPU = Release|Any CPU
	EndGlobalSection
	GlobalSection(ProjectConfigurationPlatforms) = postSolution
		{03F53D51-983E-45A7-BA33-2D89EE532A75}.Debug|Any CPU.ActiveCfg = Debug|Any CPU
		{03F53D51-983E-45A7-BA33-2D89EE532A75}.Debug|Any CPU.Build.0 = Debug|Any CPU
		{03F53D51-983E-45A7-BA33-2D89EE532A75}.Release|Any CPU.ActiveCfg = Release|Any CPU
		{03F53D51-983E-45A7-BA33-2D89EE532A75}.Release|Any CPU.Build.0 = Release|Any CPU
	EndGlobalSection
	GlobalSection(SolutionProperties) = preSolution
		HideSolutionNode = FALSE
	EndGlobalSection
	GlobalSection(ExtensibilityGlobals) = postSolution
		SolutionGuid = {37A61318-C654-4499-B196-A24E192708B7}
	EndGlobalSection
EndGlobal
